// !$*UTF8*$!
{
	archiveVersion = 1;
	classes = {
	};
	objectVersion = 46;
	objects = {

/* Begin PBXBuildFile section */
		024FD6911B2F594E009C8505 /* eatlogo.png in Resources */ = {isa = PBXBuildFile; fileRef = 024FD6901B2F594E009C8505 /* eatlogo.png */; };
		02EED64D1B32F8A2009E0572 /* yelp_logo_100x50.png in Resources */ = {isa = PBXBuildFile; fileRef = 02EED64C1B32F8A2009E0572 /* yelp_logo_100x50.png */; };
		02EED64F1B32F940009E0572 /* Powered_By_Yelp_White.png in Resources */ = {isa = PBXBuildFile; fileRef = 02EED64E1B32F940009E0572 /* Powered_By_Yelp_White.png */; };
		02EED6511B32FB8E009E0572 /* four-half-stars.png in Resources */ = {isa = PBXBuildFile; fileRef = 02EED6501B32FB8E009E0572 /* four-half-stars.png */; };
		02EED6671B3368C8009E0572 /* NSURLRequest+OAuth.m in Sources */ = {isa = PBXBuildFile; fileRef = 02EED6641B3368C8009E0572 /* NSURLRequest+OAuth.m */; };
		02EED6681B3368C8009E0572 /* YelpAPI.m in Sources */ = {isa = PBXBuildFile; fileRef = 02EED6661B3368C8009E0572 /* YelpAPI.m */; };
		02EED66A1B336928009E0572 /* OAuthConsumer in Resources */ = {isa = PBXBuildFile; fileRef = 02EED6691B336928009E0572 /* OAuthConsumer */; };
		B22751761B2E0FE5000253AB /* AppDelegate.swift in Sources */ = {isa = PBXBuildFile; fileRef = B22751751B2E0FE5000253AB /* AppDelegate.swift */; };
		B22751781B2E0FE5000253AB /* ViewController.swift in Sources */ = {isa = PBXBuildFile; fileRef = B22751771B2E0FE5000253AB /* ViewController.swift */; };
		B227517B1B2E0FE5000253AB /* Main.storyboard in Resources */ = {isa = PBXBuildFile; fileRef = B22751791B2E0FE5000253AB /* Main.storyboard */; };
		B227517D1B2E0FE5000253AB /* Images.xcassets in Resources */ = {isa = PBXBuildFile; fileRef = B227517C1B2E0FE5000253AB /* Images.xcassets */; };
		B227518C1B2E0FE5000253AB /* Hungry_YetiTests.swift in Sources */ = {isa = PBXBuildFile; fileRef = B227518B1B2E0FE5000253AB /* Hungry_YetiTests.swift */; };
		B22751981B2E10BB000253AB /* iphone6plus.png in Resources */ = {isa = PBXBuildFile; fileRef = B22751971B2E10BB000253AB /* iphone6plus.png */; };
		B227519A1B2E10F7000253AB /* iphone6.png in Resources */ = {isa = PBXBuildFile; fileRef = B22751991B2E10F7000253AB /* iphone6.png */; };
		B22751A81B2E187A000253AB /* Icon-60.png in Resources */ = {isa = PBXBuildFile; fileRef = B22751A11B2E187A000253AB /* Icon-60.png */; };
		B22751A91B2E187A000253AB /* Icon-72.png in Resources */ = {isa = PBXBuildFile; fileRef = B22751A21B2E187A000253AB /* Icon-72.png */; };
		B22751AA1B2E187A000253AB /* Icon-72@2x.png in Resources */ = {isa = PBXBuildFile; fileRef = B22751A31B2E187A000253AB /* Icon-72@2x.png */; };
		B22751AB1B2E187A000253AB /* Icon-Small-50.png in Resources */ = {isa = PBXBuildFile; fileRef = B22751A41B2E187A000253AB /* Icon-Small-50.png */; };
		B22751AC1B2E187A000253AB /* Icon-Small-50@2x.png in Resources */ = {isa = PBXBuildFile; fileRef = B22751A51B2E187A000253AB /* Icon-Small-50@2x.png */; };
		B22751AD1B2E187A000253AB /* Icon.png in Resources */ = {isa = PBXBuildFile; fileRef = B22751A61B2E187A000253AB /* Icon.png */; };
		B22751AE1B2E187A000253AB /* Icon@2x.png in Resources */ = {isa = PBXBuildFile; fileRef = B22751A71B2E187A000253AB /* Icon@2x.png */; };
		B23909D11B312F9B00494A63 /* randomRestaurant.swift in Sources */ = {isa = PBXBuildFile; fileRef = B23909D01B312F9B00494A63 /* randomRestaurant.swift */; };
		B25955F01B2F8EF800857FA0 /* iphone3.png in Resources */ = {isa = PBXBuildFile; fileRef = B25955ED1B2F8EF800857FA0 /* iphone3.png */; };
		B25955F11B2F8EF800857FA0 /* iphone4.png in Resources */ = {isa = PBXBuildFile; fileRef = B25955EE1B2F8EF800857FA0 /* iphone4.png */; };
		B25955F21B2F8EF800857FA0 /* iphone5.png in Resources */ = {isa = PBXBuildFile; fileRef = B25955EF1B2F8EF800857FA0 /* iphone5.png */; };
		B25955F41B2F928900857FA0 /* arrow.png in Resources */ = {isa = PBXBuildFile; fileRef = B25955F31B2F928900857FA0 /* arrow.png */; };
		F377C2353F69C24ED808F97F /* Pods.framework in Frameworks */ = {isa = PBXBuildFile; fileRef = 14B34E84932660F95DF68BB1 /* Pods.framework */; settings = {ATTRIBUTES = (Weak, ); }; };
/* End PBXBuildFile section */

/* Begin PBXContainerItemProxy section */
		B22751861B2E0FE5000253AB /* PBXContainerItemProxy */ = {
			isa = PBXContainerItemProxy;
			containerPortal = B22751681B2E0FE5000253AB /* Project object */;
			proxyType = 1;
			remoteGlobalIDString = B227516F1B2E0FE5000253AB;
			remoteInfo = "Hungry Yeti";
		};
/* End PBXContainerItemProxy section */

/* Begin PBXFileReference section */
		024FD6901B2F594E009C8505 /* eatlogo.png */ = {isa = PBXFileReference; lastKnownFileType = image.png; name = eatlogo.png; path = ../../eatlogo.png; sourceTree = "<group>"; };
		02EED64C1B32F8A2009E0572 /* yelp_logo_100x50.png */ = {isa = PBXFileReference; lastKnownFileType = image.png; name = yelp_logo_100x50.png; path = ../../yelp_logo_100x50.png; sourceTree = "<group>"; };
		02EED64E1B32F940009E0572 /* Powered_By_Yelp_White.png */ = {isa = PBXFileReference; lastKnownFileType = image.png; name = Powered_By_Yelp_White.png; path = ../../Powered_By_Yelp_White.png; sourceTree = "<group>"; };
		02EED6501B32FB8E009E0572 /* four-half-stars.png */ = {isa = PBXFileReference; lastKnownFileType = image.png; name = "four-half-stars.png"; path = "../../four-half-stars.png"; sourceTree = "<group>"; };
		02EED6531B334A27009E0572 /* hungryyeti-Bridging-Header.h */ = {isa = PBXFileReference; lastKnownFileType = sourcecode.c.h; path = "hungryyeti-Bridging-Header.h"; sourceTree = "<group>"; };
		02EED6631B3368C8009E0572 /* NSURLRequest+OAuth.h */ = {isa = PBXFileReference; fileEncoding = 4; lastKnownFileType = sourcecode.c.h; path = "NSURLRequest+OAuth.h"; sourceTree = "<group>"; };
		02EED6641B3368C8009E0572 /* NSURLRequest+OAuth.m */ = {isa = PBXFileReference; fileEncoding = 4; lastKnownFileType = sourcecode.c.objc; path = "NSURLRequest+OAuth.m"; sourceTree = "<group>"; };
		02EED6651B3368C8009E0572 /* YelpAPI.h */ = {isa = PBXFileReference; fileEncoding = 4; lastKnownFileType = sourcecode.c.h; path = YelpAPI.h; sourceTree = "<group>"; };
		02EED6661B3368C8009E0572 /* YelpAPI.m */ = {isa = PBXFileReference; fileEncoding = 4; lastKnownFileType = sourcecode.c.objc; path = YelpAPI.m; sourceTree = "<group>"; };
		02EED6691B336928009E0572 /* OAuthConsumer */ = {isa = PBXFileReference; lastKnownFileType = folder; path = OAuthConsumer; sourceTree = "<group>"; };
		14B34E84932660F95DF68BB1 /* Pods.framework */ = {isa = PBXFileReference; explicitFileType = wrapper.framework; includeInIndex = 0; path = Pods.framework; sourceTree = BUILT_PRODUCTS_DIR; };
		2C14873E10A10F66913A0078 /* Pods.release.xcconfig */ = {isa = PBXFileReference; includeInIndex = 1; lastKnownFileType = text.xcconfig; name = Pods.release.xcconfig; path = "Pods/Target Support Files/Pods/Pods.release.xcconfig"; sourceTree = "<group>"; };
		82A1792B9AD42AB93F35180C /* Pods.debug.xcconfig */ = {isa = PBXFileReference; includeInIndex = 1; lastKnownFileType = text.xcconfig; name = Pods.debug.xcconfig; path = "Pods/Target Support Files/Pods/Pods.debug.xcconfig"; sourceTree = "<group>"; };
		B22751701B2E0FE5000253AB /* hungryyeti.app */ = {isa = PBXFileReference; explicitFileType = wrapper.application; includeInIndex = 0; path = hungryyeti.app; sourceTree = BUILT_PRODUCTS_DIR; };
		B22751741B2E0FE5000253AB /* Info.plist */ = {isa = PBXFileReference; lastKnownFileType = text.plist.xml; path = Info.plist; sourceTree = "<group>"; };
		B22751751B2E0FE5000253AB /* AppDelegate.swift */ = {isa = PBXFileReference; lastKnownFileType = sourcecode.swift; path = AppDelegate.swift; sourceTree = "<group>"; };
		B22751771B2E0FE5000253AB /* ViewController.swift */ = {isa = PBXFileReference; lastKnownFileType = sourcecode.swift; path = ViewController.swift; sourceTree = "<group>"; };
		B227517A1B2E0FE5000253AB /* Base */ = {isa = PBXFileReference; lastKnownFileType = file.storyboard; name = Base; path = Base.lproj/Main.storyboard; sourceTree = "<group>"; };
		B227517C1B2E0FE5000253AB /* Images.xcassets */ = {isa = PBXFileReference; lastKnownFileType = folder.assetcatalog; path = Images.xcassets; sourceTree = "<group>"; };
		B22751851B2E0FE5000253AB /* hungryyetiTests.xctest */ = {isa = PBXFileReference; explicitFileType = wrapper.cfbundle; includeInIndex = 0; path = hungryyetiTests.xctest; sourceTree = BUILT_PRODUCTS_DIR; };
		B227518A1B2E0FE5000253AB /* Info.plist */ = {isa = PBXFileReference; lastKnownFileType = text.plist.xml; path = Info.plist; sourceTree = "<group>"; };
		B227518B1B2E0FE5000253AB /* Hungry_YetiTests.swift */ = {isa = PBXFileReference; lastKnownFileType = sourcecode.swift; path = Hungry_YetiTests.swift; sourceTree = "<group>"; };
		B22751971B2E10BB000253AB /* iphone6plus.png */ = {isa = PBXFileReference; lastKnownFileType = image.png; name = iphone6plus.png; path = ../../iphone6plus.png; sourceTree = "<group>"; };
		B22751991B2E10F7000253AB /* iphone6.png */ = {isa = PBXFileReference; lastKnownFileType = image.png; name = iphone6.png; path = ../../iphone6.png; sourceTree = "<group>"; };
		B22751A11B2E187A000253AB /* Icon-60.png */ = {isa = PBXFileReference; lastKnownFileType = image.png; name = "Icon-60.png"; path = "../../icons/Icon-60.png"; sourceTree = "<group>"; };
		B22751A21B2E187A000253AB /* Icon-72.png */ = {isa = PBXFileReference; lastKnownFileType = image.png; name = "Icon-72.png"; path = "../../icons/Icon-72.png"; sourceTree = "<group>"; };
		B22751A31B2E187A000253AB /* Icon-72@2x.png */ = {isa = PBXFileReference; lastKnownFileType = image.png; name = "Icon-72@2x.png"; path = "../../icons/Icon-72@2x.png"; sourceTree = "<group>"; };
		B22751A41B2E187A000253AB /* Icon-Small-50.png */ = {isa = PBXFileReference; lastKnownFileType = image.png; name = "Icon-Small-50.png"; path = "../../icons/Icon-Small-50.png"; sourceTree = "<group>"; };
		B22751A51B2E187A000253AB /* Icon-Small-50@2x.png */ = {isa = PBXFileReference; lastKnownFileType = image.png; name = "Icon-Small-50@2x.png"; path = "../../icons/Icon-Small-50@2x.png"; sourceTree = "<group>"; };
		B22751A61B2E187A000253AB /* Icon.png */ = {isa = PBXFileReference; lastKnownFileType = image.png; name = Icon.png; path = ../../icons/Icon.png; sourceTree = "<group>"; };
		B22751A71B2E187A000253AB /* Icon@2x.png */ = {isa = PBXFileReference; lastKnownFileType = image.png; name = "Icon@2x.png"; path = "../../icons/Icon@2x.png"; sourceTree = "<group>"; };
		B23909D01B312F9B00494A63 /* randomRestaurant.swift */ = {isa = PBXFileReference; fileEncoding = 4; lastKnownFileType = sourcecode.swift; path = randomRestaurant.swift; sourceTree = "<group>"; };
		B25955ED1B2F8EF800857FA0 /* iphone3.png */ = {isa = PBXFileReference; lastKnownFileType = image.png; name = iphone3.png; path = ../../iphone3.png; sourceTree = "<group>"; };
		B25955EE1B2F8EF800857FA0 /* iphone4.png */ = {isa = PBXFileReference; lastKnownFileType = image.png; name = iphone4.png; path = ../../iphone4.png; sourceTree = "<group>"; };
		B25955EF1B2F8EF800857FA0 /* iphone5.png */ = {isa = PBXFileReference; lastKnownFileType = image.png; name = iphone5.png; path = ../../iphone5.png; sourceTree = "<group>"; };
		B25955F31B2F928900857FA0 /* arrow.png */ = {isa = PBXFileReference; lastKnownFileType = image.png; name = arrow.png; path = ../../arrow.png; sourceTree = "<group>"; };
/* End PBXFileReference section */

/* Begin PBXFrameworksBuildPhase section */
		B227516D1B2E0FE5000253AB /* Frameworks */ = {
			isa = PBXFrameworksBuildPhase;
			buildActionMask = 2147483647;
			files = (
				F377C2353F69C24ED808F97F /* Pods.framework in Frameworks */,
			);
			runOnlyForDeploymentPostprocessing = 0;
		};
		B22751821B2E0FE5000253AB /* Frameworks */ = {
			isa = PBXFrameworksBuildPhase;
			buildActionMask = 2147483647;
			files = (
			);
			runOnlyForDeploymentPostprocessing = 0;
		};
/* End PBXFrameworksBuildPhase section */

/* Begin PBXGroup section */
		09AC502CE4744FB27C43F95F /* Pods */ = {
			isa = PBXGroup;
			children = (
				82A1792B9AD42AB93F35180C /* Pods.debug.xcconfig */,
				2C14873E10A10F66913A0078 /* Pods.release.xcconfig */,
			);
			name = Pods;
			sourceTree = "<group>";
		};
		878A0D5E24B84216B4CF23B4 /* Frameworks */ = {
			isa = PBXGroup;
			children = (
				14B34E84932660F95DF68BB1 /* Pods.framework */,
			);
			name = Frameworks;
			sourceTree = "<group>";
		};
		B22751671B2E0FE5000253AB = {
			isa = PBXGroup;
			children = (
				B22751721B2E0FE5000253AB /* Hungry Yeti */,
				B22751881B2E0FE5000253AB /* Hungry YetiTests */,
				B22751711B2E0FE5000253AB /* Products */,
				09AC502CE4744FB27C43F95F /* Pods */,
				878A0D5E24B84216B4CF23B4 /* Frameworks */,
			);
			sourceTree = "<group>";
		};
		B22751711B2E0FE5000253AB /* Products */ = {
			isa = PBXGroup;
			children = (
				B22751701B2E0FE5000253AB /* hungryyeti.app */,
				B22751851B2E0FE5000253AB /* hungryyetiTests.xctest */,
			);
			name = Products;
			sourceTree = "<group>";
		};
		B22751721B2E0FE5000253AB /* Hungry Yeti */ = {
			isa = PBXGroup;
			children = (
				02EED6501B32FB8E009E0572 /* four-half-stars.png */,
				02EED64C1B32F8A2009E0572 /* yelp_logo_100x50.png */,
				02EED64E1B32F940009E0572 /* Powered_By_Yelp_White.png */,
				B25955F31B2F928900857FA0 /* arrow.png */,
				B25955ED1B2F8EF800857FA0 /* iphone3.png */,
				B25955EE1B2F8EF800857FA0 /* iphone4.png */,
				B25955EF1B2F8EF800857FA0 /* iphone5.png */,
				024FD6901B2F594E009C8505 /* eatlogo.png */,
				B22751A11B2E187A000253AB /* Icon-60.png */,
				B22751A21B2E187A000253AB /* Icon-72.png */,
				B22751A31B2E187A000253AB /* Icon-72@2x.png */,
				B22751A41B2E187A000253AB /* Icon-Small-50.png */,
				B22751A51B2E187A000253AB /* Icon-Small-50@2x.png */,
				B22751A61B2E187A000253AB /* Icon.png */,
				B22751A71B2E187A000253AB /* Icon@2x.png */,
				B22751991B2E10F7000253AB /* iphone6.png */,
				B22751971B2E10BB000253AB /* iphone6plus.png */,
				B22751751B2E0FE5000253AB /* AppDelegate.swift */,
				02EED6691B336928009E0572 /* OAuthConsumer */,
				B22751771B2E0FE5000253AB /* ViewController.swift */,
				B23909D01B312F9B00494A63 /* randomRestaurant.swift */,
				02EED6631B3368C8009E0572 /* NSURLRequest+OAuth.h */,
				02EED6641B3368C8009E0572 /* NSURLRequest+OAuth.m */,
				02EED6651B3368C8009E0572 /* YelpAPI.h */,
				02EED6661B3368C8009E0572 /* YelpAPI.m */,
				B22751791B2E0FE5000253AB /* Main.storyboard */,
				B227517C1B2E0FE5000253AB /* Images.xcassets */,
				B22751731B2E0FE5000253AB /* Supporting Files */,
				02EED6531B334A27009E0572 /* hungryyeti-Bridging-Header.h */,
			);
			path = "Hungry Yeti";
			sourceTree = "<group>";
		};
		B22751731B2E0FE5000253AB /* Supporting Files */ = {
			isa = PBXGroup;
			children = (
				B22751741B2E0FE5000253AB /* Info.plist */,
			);
			name = "Supporting Files";
			sourceTree = "<group>";
		};
		B22751881B2E0FE5000253AB /* Hungry YetiTests */ = {
			isa = PBXGroup;
			children = (
				B227518B1B2E0FE5000253AB /* Hungry_YetiTests.swift */,
				B22751891B2E0FE5000253AB /* Supporting Files */,
			);
			path = "Hungry YetiTests";
			sourceTree = "<group>";
		};
		B22751891B2E0FE5000253AB /* Supporting Files */ = {
			isa = PBXGroup;
			children = (
				B227518A1B2E0FE5000253AB /* Info.plist */,
			);
			name = "Supporting Files";
			sourceTree = "<group>";
		};
/* End PBXGroup section */

/* Begin PBXNativeTarget section */
		B227516F1B2E0FE5000253AB /* hungryyeti */ = {
			isa = PBXNativeTarget;
			buildConfigurationList = B227518F1B2E0FE5000253AB /* Build configuration list for PBXNativeTarget "hungryyeti" */;
			buildPhases = (
				1475351190B731E7640595B7 /* Check Pods Manifest.lock */,
				B227516C1B2E0FE5000253AB /* Sources */,
				B227516D1B2E0FE5000253AB /* Frameworks */,
				B227516E1B2E0FE5000253AB /* Resources */,
				EAF30ABE9FE2C6EFB494CCCA /* Embed Pods Frameworks */,
				3B8F57C101F07EEE323E1971 /* Copy Pods Resources */,
			);
			buildRules = (
			);
			dependencies = (
			);
			name = hungryyeti;
			productName = "Hungry Yeti";
			productReference = B22751701B2E0FE5000253AB /* hungryyeti.app */;
			productType = "com.apple.product-type.application";
		};
		B22751841B2E0FE5000253AB /* hungryyetiTests */ = {
			isa = PBXNativeTarget;
			buildConfigurationList = B22751921B2E0FE5000253AB /* Build configuration list for PBXNativeTarget "hungryyetiTests" */;
			buildPhases = (
				B22751811B2E0FE5000253AB /* Sources */,
				B22751821B2E0FE5000253AB /* Frameworks */,
				B22751831B2E0FE5000253AB /* Resources */,
			);
			buildRules = (
			);
			dependencies = (
				B22751871B2E0FE5000253AB /* PBXTargetDependency */,
			);
			name = hungryyetiTests;
			productName = "Hungry YetiTests";
			productReference = B22751851B2E0FE5000253AB /* hungryyetiTests.xctest */;
			productType = "com.apple.product-type.bundle.unit-test";
		};
/* End PBXNativeTarget section */

/* Begin PBXProject section */
		B22751681B2E0FE5000253AB /* Project object */ = {
			isa = PBXProject;
			attributes = {
				LastUpgradeCheck = 0630;
				ORGANIZATIONNAME = eightAM;
				TargetAttributes = {
					B227516F1B2E0FE5000253AB = {
						CreatedOnToolsVersion = 6.3.2;
						DevelopmentTeam = 399CTWJVJD;
					};
					B22751841B2E0FE5000253AB = {
						CreatedOnToolsVersion = 6.3.2;
						TestTargetID = B227516F1B2E0FE5000253AB;
					};
				};
			};
			buildConfigurationList = B227516B1B2E0FE5000253AB /* Build configuration list for PBXProject "hungryyeti" */;
			compatibilityVersion = "Xcode 3.2";
			developmentRegion = English;
			hasScannedForEncodings = 0;
			knownRegions = (
				en,
				Base,
			);
			mainGroup = B22751671B2E0FE5000253AB;
			productRefGroup = B22751711B2E0FE5000253AB /* Products */;
			projectDirPath = "";
			projectRoot = "";
			targets = (
				B227516F1B2E0FE5000253AB /* hungryyeti */,
				B22751841B2E0FE5000253AB /* hungryyetiTests */,
			);
		};
/* End PBXProject section */

/* Begin PBXResourcesBuildPhase section */
		B227516E1B2E0FE5000253AB /* Resources */ = {
			isa = PBXResourcesBuildPhase;
			buildActionMask = 2147483647;
			files = (
				B227517B1B2E0FE5000253AB /* Main.storyboard in Resources */,
				02EED6511B32FB8E009E0572 /* four-half-stars.png in Resources */,
				B227519A1B2E10F7000253AB /* iphone6.png in Resources */,
				B22751AB1B2E187A000253AB /* Icon-Small-50.png in Resources */,
				B22751AA1B2E187A000253AB /* Icon-72@2x.png in Resources */,
				B22751A91B2E187A000253AB /* Icon-72.png in Resources */,
				B22751A81B2E187A000253AB /* Icon-60.png in Resources */,
				B22751AC1B2E187A000253AB /* Icon-Small-50@2x.png in Resources */,
				B25955F41B2F928900857FA0 /* arrow.png in Resources */,
				B22751AD1B2E187A000253AB /* Icon.png in Resources */,
				024FD6911B2F594E009C8505 /* eatlogo.png in Resources */,
				B227517D1B2E0FE5000253AB /* Images.xcassets in Resources */,
				02EED64F1B32F940009E0572 /* Powered_By_Yelp_White.png in Resources */,
				B22751AE1B2E187A000253AB /* Icon@2x.png in Resources */,
				02EED66A1B336928009E0572 /* OAuthConsumer in Resources */,
				B25955F11B2F8EF800857FA0 /* iphone4.png in Resources */,
				B25955F01B2F8EF800857FA0 /* iphone3.png in Resources */,
				02EED64D1B32F8A2009E0572 /* yelp_logo_100x50.png in Resources */,
				B25955F21B2F8EF800857FA0 /* iphone5.png in Resources */,
				B22751981B2E10BB000253AB /* iphone6plus.png in Resources */,
			);
			runOnlyForDeploymentPostprocessing = 0;
		};
		B22751831B2E0FE5000253AB /* Resources */ = {
			isa = PBXResourcesBuildPhase;
			buildActionMask = 2147483647;
			files = (
			);
			runOnlyForDeploymentPostprocessing = 0;
		};
/* End PBXResourcesBuildPhase section */

/* Begin PBXShellScriptBuildPhase section */
		1475351190B731E7640595B7 /* Check Pods Manifest.lock */ = {
			isa = PBXShellScriptBuildPhase;
			buildActionMask = 2147483647;
			files = (
			);
			inputPaths = (
			);
			name = "Check Pods Manifest.lock";
			outputPaths = (
			);
			runOnlyForDeploymentPostprocessing = 0;
			shellPath = /bin/sh;
			shellScript = "diff \"${PODS_ROOT}/../Podfile.lock\" \"${PODS_ROOT}/Manifest.lock\" > /dev/null\nif [[ $? != 0 ]] ; then\n    cat << EOM\nerror: The sandbox is not in sync with the Podfile.lock. Run 'pod install' or update your CocoaPods installation.\nEOM\n    exit 1\nfi\n";
			showEnvVarsInLog = 0;
		};
		3B8F57C101F07EEE323E1971 /* Copy Pods Resources */ = {
			isa = PBXShellScriptBuildPhase;
			buildActionMask = 2147483647;
			files = (
			);
			inputPaths = (
			);
			name = "Copy Pods Resources";
			outputPaths = (
			);
			runOnlyForDeploymentPostprocessing = 0;
			shellPath = /bin/sh;
			shellScript = "\"${SRCROOT}/Pods/Target Support Files/Pods/Pods-resources.sh\"\n";
			showEnvVarsInLog = 0;
		};
		EAF30ABE9FE2C6EFB494CCCA /* Embed Pods Frameworks */ = {
			isa = PBXShellScriptBuildPhase;
			buildActionMask = 2147483647;
			files = (
			);
			inputPaths = (
			);
			name = "Embed Pods Frameworks";
			outputPaths = (
			);
			runOnlyForDeploymentPostprocessing = 0;
			shellPath = /bin/sh;
			shellScript = "\"${SRCROOT}/Pods/Target Support Files/Pods/Pods-frameworks.sh\"\n";
			showEnvVarsInLog = 0;
		};
/* End PBXShellScriptBuildPhase section */

/* Begin PBXSourcesBuildPhase section */
		B227516C1B2E0FE5000253AB /* Sources */ = {
			isa = PBXSourcesBuildPhase;
			buildActionMask = 2147483647;
			files = (
				02EED6671B3368C8009E0572 /* NSURLRequest+OAuth.m in Sources */,
				B22751781B2E0FE5000253AB /* ViewController.swift in Sources */,
				B22751761B2E0FE5000253AB /* AppDelegate.swift in Sources */,
				B23909D11B312F9B00494A63 /* randomRestaurant.swift in Sources */,
				02EED6681B3368C8009E0572 /* YelpAPI.m in Sources */,
			);
			runOnlyForDeploymentPostprocessing = 0;
		};
		B22751811B2E0FE5000253AB /* Sources */ = {
			isa = PBXSourcesBuildPhase;
			buildActionMask = 2147483647;
			files = (
				B227518C1B2E0FE5000253AB /* Hungry_YetiTests.swift in Sources */,
			);
			runOnlyForDeploymentPostprocessing = 0;
		};
/* End PBXSourcesBuildPhase section */

/* Begin PBXTargetDependency section */
		B22751871B2E0FE5000253AB /* PBXTargetDependency */ = {
			isa = PBXTargetDependency;
			target = B227516F1B2E0FE5000253AB /* hungryyeti */;
			targetProxy = B22751861B2E0FE5000253AB /* PBXContainerItemProxy */;
		};
/* End PBXTargetDependency section */

/* Begin PBXVariantGroup section */
		B22751791B2E0FE5000253AB /* Main.storyboard */ = {
			isa = PBXVariantGroup;
			children = (
				B227517A1B2E0FE5000253AB /* Base */,
			);
			name = Main.storyboard;
			sourceTree = "<group>";
		};
/* End PBXVariantGroup section */

/* Begin XCBuildConfiguration section */
		B227518D1B2E0FE5000253AB /* Debug */ = {
			isa = XCBuildConfiguration;
			buildSettings = {
				ALWAYS_SEARCH_USER_PATHS = NO;
				CLANG_CXX_LANGUAGE_STANDARD = "gnu++0x";
				CLANG_CXX_LIBRARY = "libc++";
				CLANG_ENABLE_MODULES = YES;
				CLANG_ENABLE_OBJC_ARC = YES;
				CLANG_WARN_BOOL_CONVERSION = YES;
				CLANG_WARN_CONSTANT_CONVERSION = YES;
				CLANG_WARN_DIRECT_OBJC_ISA_USAGE = YES_ERROR;
				CLANG_WARN_EMPTY_BODY = YES;
				CLANG_WARN_ENUM_CONVERSION = YES;
				CLANG_WARN_INT_CONVERSION = YES;
				CLANG_WARN_OBJC_ROOT_CLASS = YES_ERROR;
				CLANG_WARN_UNREACHABLE_CODE = YES;
				CLANG_WARN__DUPLICATE_METHOD_MATCH = YES;
				"CODE_SIGN_IDENTITY[sdk=iphoneos*]" = "iPhone Developer";
				COPY_PHASE_STRIP = NO;
				DEBUG_INFORMATION_FORMAT = "dwarf-with-dsym";
				ENABLE_STRICT_OBJC_MSGSEND = YES;
				GCC_C_LANGUAGE_STANDARD = gnu99;
				GCC_DYNAMIC_NO_PIC = NO;
				GCC_NO_COMMON_BLOCKS = YES;
				GCC_OPTIMIZATION_LEVEL = 0;
				GCC_PREPROCESSOR_DEFINITIONS = (
					"DEBUG=1",
					"$(inherited)",
				);
				GCC_SYMBOLS_PRIVATE_EXTERN = NO;
				GCC_WARN_64_TO_32_BIT_CONVERSION = YES;
				GCC_WARN_ABOUT_RETURN_TYPE = YES_ERROR;
				GCC_WARN_UNDECLARED_SELECTOR = YES;
				GCC_WARN_UNINITIALIZED_AUTOS = YES_AGGRESSIVE;
				GCC_WARN_UNUSED_FUNCTION = YES;
				GCC_WARN_UNUSED_VARIABLE = YES;
				IPHONEOS_DEPLOYMENT_TARGET = 8.3;
				MTL_ENABLE_DEBUG_INFO = YES;
				ONLY_ACTIVE_ARCH = YES;
				SDKROOT = iphoneos;
				SWIFT_OPTIMIZATION_LEVEL = "-Onone";
			};
			name = Debug;
		};
		B227518E1B2E0FE5000253AB /* Release */ = {
			isa = XCBuildConfiguration;
			buildSettings = {
				ALWAYS_SEARCH_USER_PATHS = NO;
				CLANG_CXX_LANGUAGE_STANDARD = "gnu++0x";
				CLANG_CXX_LIBRARY = "libc++";
				CLANG_ENABLE_MODULES = YES;
				CLANG_ENABLE_OBJC_ARC = YES;
				CLANG_WARN_BOOL_CONVERSION = YES;
				CLANG_WARN_CONSTANT_CONVERSION = YES;
				CLANG_WARN_DIRECT_OBJC_ISA_USAGE = YES_ERROR;
				CLANG_WARN_EMPTY_BODY = YES;
				CLANG_WARN_ENUM_CONVERSION = YES;
				CLANG_WARN_INT_CONVERSION = YES;
				CLANG_WARN_OBJC_ROOT_CLASS = YES_ERROR;
				CLANG_WARN_UNREACHABLE_CODE = YES;
				CLANG_WARN__DUPLICATE_METHOD_MATCH = YES;
				"CODE_SIGN_IDENTITY[sdk=iphoneos*]" = "iPhone Developer";
				COPY_PHASE_STRIP = NO;
				DEBUG_INFORMATION_FORMAT = "dwarf-with-dsym";
				ENABLE_NS_ASSERTIONS = NO;
				ENABLE_STRICT_OBJC_MSGSEND = YES;
				GCC_C_LANGUAGE_STANDARD = gnu99;
				GCC_NO_COMMON_BLOCKS = YES;
				GCC_WARN_64_TO_32_BIT_CONVERSION = YES;
				GCC_WARN_ABOUT_RETURN_TYPE = YES_ERROR;
				GCC_WARN_UNDECLARED_SELECTOR = YES;
				GCC_WARN_UNINITIALIZED_AUTOS = YES_AGGRESSIVE;
				GCC_WARN_UNUSED_FUNCTION = YES;
				GCC_WARN_UNUSED_VARIABLE = YES;
				IPHONEOS_DEPLOYMENT_TARGET = 8.3;
				MTL_ENABLE_DEBUG_INFO = NO;
				SDKROOT = iphoneos;
				VALIDATE_PRODUCT = YES;
			};
			name = Release;
		};
		B22751901B2E0FE5000253AB /* Debug */ = {
			isa = XCBuildConfiguration;
			baseConfigurationReference = 82A1792B9AD42AB93F35180C /* Pods.debug.xcconfig */;
			buildSettings = {
				ASSETCATALOG_COMPILER_APPICON_NAME = AppIcon;
				ASSETCATALOG_COMPILER_LAUNCHIMAGE_NAME = LaunchImage;
				CLANG_ENABLE_MODULES = YES;
				CODE_SIGN_IDENTITY = "iPhone Developer";
				"CODE_SIGN_IDENTITY[sdk=iphoneos*]" = "iPhone Developer";
				INFOPLIST_FILE = "Hungry Yeti/Info.plist";
				IPHONEOS_DEPLOYMENT_TARGET = 8.3;
				LD_RUNPATH_SEARCH_PATHS = "$(inherited) @executable_path/Frameworks";
				PRODUCT_NAME = hungryyeti;
				PROVISIONING_PROFILE = "";
				SWIFT_OBJC_BRIDGING_HEADER = "Hungry Yeti/hungryyeti-Bridging-Header.h";
				SWIFT_OPTIMIZATION_LEVEL = "-Onone";
			};
			name = Debug;
		};
		B22751911B2E0FE5000253AB /* Release */ = {
			isa = XCBuildConfiguration;
			baseConfigurationReference = 2C14873E10A10F66913A0078 /* Pods.release.xcconfig */;
			buildSettings = {
				ASSETCATALOG_COMPILER_APPICON_NAME = AppIcon;
				ASSETCATALOG_COMPILER_LAUNCHIMAGE_NAME = LaunchImage;
				CLANG_ENABLE_MODULES = YES;
				CODE_SIGN_IDENTITY = "iPhone Developer";
				"CODE_SIGN_IDENTITY[sdk=iphoneos*]" = "iPhone Developer";
				INFOPLIST_FILE = "Hungry Yeti/Info.plist";
				IPHONEOS_DEPLOYMENT_TARGET = 8.3;
				LD_RUNPATH_SEARCH_PATHS = "$(inherited) @executable_path/Frameworks";
				PRODUCT_NAME = hungryyeti;
				PROVISIONING_PROFILE = "";
				SWIFT_OBJC_BRIDGING_HEADER = "Hungry Yeti/hungryyeti-Bridging-Header.h";
			};
			name = Release;
		};
		B22751931B2E0FE5000253AB /* Debug */ = {
			isa = XCBuildConfiguration;
			buildSettings = {
				BUNDLE_LOADER = "$(TEST_HOST)";
				FRAMEWORK_SEARCH_PATHS = (
					"$(SDKROOT)/Developer/Library/Frameworks",
					"$(inherited)",
				);
				GCC_PREPROCESSOR_DEFINITIONS = (
					"DEBUG=1",
					"$(inherited)",
				);
				INFOPLIST_FILE = "Hungry YetiTests/Info.plist";
				LD_RUNPATH_SEARCH_PATHS = "$(inherited) @executable_path/Frameworks @loader_path/Frameworks";
				PRODUCT_NAME = hungryyetiTests;
				TEST_HOST = "$(BUILT_PRODUCTS_DIR)/Hungry Yeti.app/Hungry Yeti";
			};
			name = Debug;
		};
		B22751941B2E0FE5000253AB /* Release */ = {
			isa = XCBuildConfiguration;
			buildSettings = {
				BUNDLE_LOADER = "$(TEST_HOST)";
				FRAMEWORK_SEARCH_PATHS = (
					"$(SDKROOT)/Developer/Library/Frameworks",
					"$(inherited)",
				);
				INFOPLIST_FILE = "Hungry YetiTests/Info.plist";
				LD_RUNPATH_SEARCH_PATHS = "$(inherited) @executable_path/Frameworks @loader_path/Frameworks";
				PRODUCT_NAME = hungryyetiTests;
				TEST_HOST = "$(BUILT_PRODUCTS_DIR)/Hungry Yeti.app/Hungry Yeti";
			};
			name = Release;
		};
/* End XCBuildConfiguration section */

/* Begin XCConfigurationList section */
		B227516B1B2E0FE5000253AB /* Build configuration list for PBXProject "hungryyeti" */ = {
			isa = XCConfigurationList;
			buildConfigurations = (
				B227518D1B2E0FE5000253AB /* Debug */,
				B227518E1B2E0FE5000253AB /* Release */,
			);
			defaultConfigurationIsVisible = 0;
			defaultConfigurationName = Release;
		};
		B227518F1B2E0FE5000253AB /* Build configuration list for PBXNativeTarget "hungryyeti" */ = {
			isa = XCConfigurationList;
			buildConfigurations = (
				B22751901B2E0FE5000253AB /* Debug */,
				B22751911B2E0FE5000253AB /* Release */,
			);
			defaultConfigurationIsVisible = 0;
			defaultConfigurationName = Release;
		};
		B22751921B2E0FE5000253AB /* Build configuration list for PBXNativeTarget "hungryyetiTests" */ = {
			isa = XCConfigurationList;
			buildConfigurations = (
				B22751931B2E0FE5000253AB /* Debug */,
				B22751941B2E0FE5000253AB /* Release */,
			);
			defaultConfigurationIsVisible = 0;
			defaultConfigurationName = Release;
		};
/* End XCConfigurationList section */
	};
	rootObject = B22751681B2E0FE5000253AB /* Project object */;
}
